# Lockfile v4
# This file is automatically generated by Wapm.
# It is not intended for manual editing. The schema of this file may change.
[modules."python/python"."0.1.0".python]
name = "python"
package_version = "0.1.0"
package_name = "python/python"
package_path = "python/python@0.1.0"
resolved = "https://registry-cdn.wapm.io/packages/_/python/python-0.1.0.tar.gz"
resolved_source = "registry+python"
abi = "wasi"
source = "bin/python.wasm"
[commands.python]
name = "python"
package_name = "python/python"
package_version = "0.1.0"
module = "python"
is_top_level_dependency = true
